
Microsoft Visual Studio Solution File, Format Version 12.00
# Visual Studio Version 16
VisualStudioVersion = 16.0.29215.179
MinimumVisualStudioVersion = 10.0.40219.1
Project("{FAE04EC0-301F-11D3-BF4B-00C04F79EFBC}") = "Piscolapp", "Piscolapp\Piscolapp.csproj", "{F9C2E00F-1195-4EC0-A5B4-9F95003E593C}"
EndProject
Global
	GlobalSection(SolutionConfigurationPlatforms) = preSolution
		Debug|Any CPU = Debug|Any CPU
		Release|Any CPU = Release|Any CPU
	EndGlobalSection
	GlobalSection(ProjectConfigurationPlatforms) = postSolution
		{F9C2E00F-1195-4EC0-A5B4-9F95003E593C}.Debug|Any CPU.ActiveCfg = Debug|Any CPU
		{F9C2E00F-1195-4EC0-A5B4-9F95003E593C}.Debug|Any CPU.Build.0 = Debug|Any CPU
		{F9C2E00F-1195-4EC0-A5B4-9F95003E593C}.Release|Any CPU.ActiveCfg = Release|Any CPU
		{F9C2E00F-1195-4EC0-A5B4-9F95003E593C}.Release|Any CPU.Build.0 = Release|Any CPU
	EndGlobalSection
	GlobalSection(SolutionProperties) = preSolution
		HideSolutionNode = FALSE
	EndGlobalSection
	GlobalSection(ExtensibilityGlobals) = postSolution
		SolutionGuid = {F8E47635-5DF9-42CC-B789-BBC59ADA3043}
	EndGlobalSection
EndGlobal
